# THIS IS AN AUTOGENERATED FILE. DO NOT EDIT THIS FILE DIRECTLY.
# yarn lockfile v1


leaflet@^1.5.1:
  version "1.5.1"
  resolved "https://registry.yarnpkg.com/leaflet/-/leaflet-1.5.1.tgz#9afb9d963d66c870066b1342e7a06f92840f46bf"
  integrity sha512-ekM9KAeG99tYisNBg0IzEywAlp0hYI5XRipsqRXyRTeuU8jcuntilpp+eFf5gaE0xubc9RuSNIVtByEKwqFV0w==

tachyons@^4.10.0:
  version "4.11.1"
  resolved "https://registry.yarnpkg.com/tachyons/-/tachyons-4.11.1.tgz#4e3666e7299e47aea7d820e0580dd4dc07cf3feb"
  integrity sha512-n5zIZ8i8kZ8vz05vX1BdvkP8b9ufsMeSRmdqTuUtz5rlNxr03nntiZMc/HTADIsPYZj/wZJDJglxV0/yvvaiZA==

vis-timeline@^7.4.4:
  version "7.4.4"
  resolved "https://registry.yarnpkg.com/vis-timeline/-/vis-timeline-7.4.4.tgz#9d52885fa6e098f0860dd9a4f712691b7a222d98"
  integrity sha512-L7SAIjMuccBl476ByskJbm4KLUIzxwflQ/zIL2WcaLgtdedyza+VLB+MVOv/RwavpdHCUY7ygLJ77cKe4dPzIg==
